
Microsoft Visual Studio Solution File, Format Version 12.00
# Visual Studio 15
VisualStudioVersion = 15.0.28307.329
MinimumVisualStudioVersion = 10.0.40219.1
Project("{2150E333-8FDC-42A3-9474-1A3956D46DE8}") = "src", "src", "{AAA60E9D-1168-4A51-B302-5D2DAD0CFAE6}"
EndProject
Project("{2150E333-8FDC-42A3-9474-1A3956D46DE8}") = "test", "test", "{1BCC36C6-F99A-4E75-A2D3-0BE540D69BF0}"
EndProject
Project("{2150E333-8FDC-42A3-9474-1A3956D46DE8}") = "1-WebApi", "1-WebApi", "{584279D2-1462-448C-A5FE-5007FB66E3CB}"
EndProject
Project("{2150E333-8FDC-42A3-9474-1A3956D46DE8}") = "2-Application", "2-Application", "{3DA49B32-7D00-4695-9746-1F7C473DF41B}"
EndProject
Project("{2150E333-8FDC-42A3-9474-1A3956D46DE8}") = "3-Domain", "3-Domain", "{5F95CADF-692E-443C-8217-17BB2CC98CB8}"
EndProject
Project("{2150E333-8FDC-42A3-9474-1A3956D46DE8}") = "4-Infrastructure", "4-Infrastructure", "{BDC5506C-41D2-408F-91E8-8C1F1D02C178}"
EndProject
Project("{FAE04EC0-301F-11D3-BF4B-00C04F79EFBC}") = "DDD.Sample.WebApi", "DDD.Sample.WebApi\DDD.Sample.WebApi.csproj", "{1507C213-7112-49A4-B342-2312D904DFC7}"
EndProject
Project("{FAE04EC0-301F-11D3-BF4B-00C04F79EFBC}") = "DDD.Sample.Application", "DDD.Sample.Application\DDD.Sample.Application.csproj", "{13703CA6-1512-4393-B946-9AABF700B1ED}"
EndProject
Project("{FAE04EC0-301F-11D3-BF4B-00C04F79EFBC}") = "DDD.Sample.Application.Interface", "DDD.Sample.Application.Interface\DDD.Sample.Application.Interface.csproj", "{872E8EF1-1EF6-4851-9FCB-23DF92CF8DC4}"
EndProject
Project("{FAE04EC0-301F-11D3-BF4B-00C04F79EFBC}") = "DDD.Sample.Domain", "DDD.Sample.Domain\DDD.Sample.Domain.csproj", "{E4288629-A64B-45E3-8ABA-732057D52556}"
EndProject
Project("{FAE04EC0-301F-11D3-BF4B-00C04F79EFBC}") = "DDD.Sample.Domain.Event", "DDD.Sample.Domain.Event\DDD.Sample.Domain.Event.csproj", "{F2CA7631-6FAF-4239-87F0-FDAE37C61F9D}"
EndProject
Project("{FAE04EC0-301F-11D3-BF4B-00C04F79EFBC}") = "DDD.Sample.Domain.Service", "DDD.Sample.Domain.Service\DDD.Sample.Domain.Service.csproj", "{DF634F72-F1F7-48F5-85C6-AAA88ED4E60A}"
EndProject
Project("{FAE04EC0-301F-11D3-BF4B-00C04F79EFBC}") = "DDD.Sample.Domain.Repository.Interface", "DDD.Sample.Domain.Repository.Interface\DDD.Sample.Domain.Repository.Interface.csproj", "{8050B605-E7BB-40EF-BA11-51176923667B}"
EndProject
Project("{FAE04EC0-301F-11D3-BF4B-00C04F79EFBC}") = "DDD.Sample.Infrastructure", "DDD.Sample.Infrastructure\DDD.Sample.Infrastructure.csproj", "{AF17C923-DEE4-4DD5-AC45-55C76CC03F72}"
EndProject
Project("{FAE04EC0-301F-11D3-BF4B-00C04F79EFBC}") = "DDD.Sample.Infrastructure.Interface", "DDD.Sample.Infrastructure.Interface\DDD.Sample.Infrastructure.Interface.csproj", "{03767D80-ADC2-40A2-A9BB-F5F739C380D7}"
EndProject
Project("{FAE04EC0-301F-11D3-BF4B-00C04F79EFBC}") = "DDD.Sample.Infrastructure.Repository", "DDD.Sample.Infrastructure.Repository\DDD.Sample.Infrastructure.Repository.csproj", "{63B5C666-73D6-4409-8CD0-1CD8D67E0292}"
EndProject
Project("{FAE04EC0-301F-11D3-BF4B-00C04F79EFBC}") = "DDD.Sample.Infrastructure.EFMap", "DDD.Sample.Infrastructure.EFMap\DDD.Sample.Infrastructure.EFMap.csproj", "{F95721FF-390B-4387-8D74-CDFF5132B40F}"
EndProject
Project("{FAE04EC0-301F-11D3-BF4B-00C04F79EFBC}") = "DDD.Sample.Application.DTO", "DDD.Sample.Application.DTO\DDD.Sample.Application.DTO.csproj", "{04FB95A9-0810-4C1E-B1BB-575C87275EC2}"
EndProject
Project("{2150E333-8FDC-42A3-9474-1A3956D46DE8}") = "1-WebApi", "1-WebApi", "{15E4CF75-9509-4919-B941-7264D21248D8}"
EndProject
Project("{2150E333-8FDC-42A3-9474-1A3956D46DE8}") = "2-Application", "2-Application", "{BD0C9FFF-A8DC-476B-BF47-BDC486EC7AE8}"
EndProject
Project("{2150E333-8FDC-42A3-9474-1A3956D46DE8}") = "3-Domain", "3-Domain", "{9EF1D91D-2330-4873-98A5-8B4ECA18F658}"
EndProject
Project("{2150E333-8FDC-42A3-9474-1A3956D46DE8}") = "4-Infrastructure", "4-Infrastructure", "{832ADE01-1C95-4193-B2EC-23CE38A5FA50}"
EndProject
Global
	GlobalSection(SolutionConfigurationPlatforms) = preSolution
		Debug|Any CPU = Debug|Any CPU
		Release|Any CPU = Release|Any CPU
	EndGlobalSection
	GlobalSection(ProjectConfigurationPlatforms) = postSolution
		{1507C213-7112-49A4-B342-2312D904DFC7}.Debug|Any CPU.ActiveCfg = Debug|Any CPU
		{1507C213-7112-49A4-B342-2312D904DFC7}.Debug|Any CPU.Build.0 = Debug|Any CPU
		{1507C213-7112-49A4-B342-2312D904DFC7}.Release|Any CPU.ActiveCfg = Release|Any CPU
		{1507C213-7112-49A4-B342-2312D904DFC7}.Release|Any CPU.Build.0 = Release|Any CPU
		{13703CA6-1512-4393-B946-9AABF700B1ED}.Debug|Any CPU.ActiveCfg = Debug|Any CPU
		{13703CA6-1512-4393-B946-9AABF700B1ED}.Debug|Any CPU.Build.0 = Debug|Any CPU
		{13703CA6-1512-4393-B946-9AABF700B1ED}.Release|Any CPU.ActiveCfg = Release|Any CPU
		{13703CA6-1512-4393-B946-9AABF700B1ED}.Release|Any CPU.Build.0 = Release|Any CPU
		{872E8EF1-1EF6-4851-9FCB-23DF92CF8DC4}.Debug|Any CPU.ActiveCfg = Debug|Any CPU
		{872E8EF1-1EF6-4851-9FCB-23DF92CF8DC4}.Debug|Any CPU.Build.0 = Debug|Any CPU
		{872E8EF1-1EF6-4851-9FCB-23DF92CF8DC4}.Release|Any CPU.ActiveCfg = Release|Any CPU
		{872E8EF1-1EF6-4851-9FCB-23DF92CF8DC4}.Release|Any CPU.Build.0 = Release|Any CPU
		{E4288629-A64B-45E3-8ABA-732057D52556}.Debug|Any CPU.ActiveCfg = Debug|Any CPU
		{E4288629-A64B-45E3-8ABA-732057D52556}.Debug|Any CPU.Build.0 = Debug|Any CPU
		{E4288629-A64B-45E3-8ABA-732057D52556}.Release|Any CPU.ActiveCfg = Release|Any CPU
		{E4288629-A64B-45E3-8ABA-732057D52556}.Release|Any CPU.Build.0 = Release|Any CPU
		{F2CA7631-6FAF-4239-87F0-FDAE37C61F9D}.Debug|Any CPU.ActiveCfg = Debug|Any CPU
		{F2CA7631-6FAF-4239-87F0-FDAE37C61F9D}.Debug|Any CPU.Build.0 = Debug|Any CPU
		{F2CA7631-6FAF-4239-87F0-FDAE37C61F9D}.Release|Any CPU.ActiveCfg = Release|Any CPU
		{F2CA7631-6FAF-4239-87F0-FDAE37C61F9D}.Release|Any CPU.Build.0 = Release|Any CPU
		{DF634F72-F1F7-48F5-85C6-AAA88ED4E60A}.Debug|Any CPU.ActiveCfg = Debug|Any CPU
		{DF634F72-F1F7-48F5-85C6-AAA88ED4E60A}.Debug|Any CPU.Build.0 = Debug|Any CPU
		{DF634F72-F1F7-48F5-85C6-AAA88ED4E60A}.Release|Any CPU.ActiveCfg = Release|Any CPU
		{DF634F72-F1F7-48F5-85C6-AAA88ED4E60A}.Release|Any CPU.Build.0 = Release|Any CPU
		{8050B605-E7BB-40EF-BA11-51176923667B}.Debug|Any CPU.ActiveCfg = Debug|Any CPU
		{8050B605-E7BB-40EF-BA11-51176923667B}.Debug|Any CPU.Build.0 = Debug|Any CPU
		{8050B605-E7BB-40EF-BA11-51176923667B}.Release|Any CPU.ActiveCfg = Release|Any CPU
		{8050B605-E7BB-40EF-BA11-51176923667B}.Release|Any CPU.Build.0 = Release|Any CPU
		{AF17C923-DEE4-4DD5-AC45-55C76CC03F72}.Debug|Any CPU.ActiveCfg = Debug|Any CPU
		{AF17C923-DEE4-4DD5-AC45-55C76CC03F72}.Debug|Any CPU.Build.0 = Debug|Any CPU
		{AF17C923-DEE4-4DD5-AC45-55C76CC03F72}.Release|Any CPU.ActiveCfg = Release|Any CPU
		{AF17C923-DEE4-4DD5-AC45-55C76CC03F72}.Release|Any CPU.Build.0 = Release|Any CPU
		{03767D80-ADC2-40A2-A9BB-F5F739C380D7}.Debug|Any CPU.ActiveCfg = Debug|Any CPU
		{03767D80-ADC2-40A2-A9BB-F5F739C380D7}.Debug|Any CPU.Build.0 = Debug|Any CPU
		{03767D80-ADC2-40A2-A9BB-F5F739C380D7}.Release|Any CPU.ActiveCfg = Release|Any CPU
		{03767D80-ADC2-40A2-A9BB-F5F739C380D7}.Release|Any CPU.Build.0 = Release|Any CPU
		{63B5C666-73D6-4409-8CD0-1CD8D67E0292}.Debug|Any CPU.ActiveCfg = Debug|Any CPU
		{63B5C666-73D6-4409-8CD0-1CD8D67E0292}.Debug|Any CPU.Build.0 = Debug|Any CPU
		{63B5C666-73D6-4409-8CD0-1CD8D67E0292}.Release|Any CPU.ActiveCfg = Release|Any CPU
		{63B5C666-73D6-4409-8CD0-1CD8D67E0292}.Release|Any CPU.Build.0 = Release|Any CPU
		{F95721FF-390B-4387-8D74-CDFF5132B40F}.Debug|Any CPU.ActiveCfg = Debug|Any CPU
		{F95721FF-390B-4387-8D74-CDFF5132B40F}.Debug|Any CPU.Build.0 = Debug|Any CPU
		{F95721FF-390B-4387-8D74-CDFF5132B40F}.Release|Any CPU.ActiveCfg = Release|Any CPU
		{F95721FF-390B-4387-8D74-CDFF5132B40F}.Release|Any CPU.Build.0 = Release|Any CPU
		{04FB95A9-0810-4C1E-B1BB-575C87275EC2}.Debug|Any CPU.ActiveCfg = Debug|Any CPU
		{04FB95A9-0810-4C1E-B1BB-575C87275EC2}.Debug|Any CPU.Build.0 = Debug|Any CPU
		{04FB95A9-0810-4C1E-B1BB-575C87275EC2}.Release|Any CPU.ActiveCfg = Release|Any CPU
		{04FB95A9-0810-4C1E-B1BB-575C87275EC2}.Release|Any CPU.Build.0 = Release|Any CPU
	EndGlobalSection
	GlobalSection(SolutionProperties) = preSolution
		HideSolutionNode = FALSE
	EndGlobalSection
	GlobalSection(NestedProjects) = preSolution
		{584279D2-1462-448C-A5FE-5007FB66E3CB} = {AAA60E9D-1168-4A51-B302-5D2DAD0CFAE6}
		{3DA49B32-7D00-4695-9746-1F7C473DF41B} = {AAA60E9D-1168-4A51-B302-5D2DAD0CFAE6}
		{5F95CADF-692E-443C-8217-17BB2CC98CB8} = {AAA60E9D-1168-4A51-B302-5D2DAD0CFAE6}
		{BDC5506C-41D2-408F-91E8-8C1F1D02C178} = {AAA60E9D-1168-4A51-B302-5D2DAD0CFAE6}
		{1507C213-7112-49A4-B342-2312D904DFC7} = {584279D2-1462-448C-A5FE-5007FB66E3CB}
		{13703CA6-1512-4393-B946-9AABF700B1ED} = {3DA49B32-7D00-4695-9746-1F7C473DF41B}
		{872E8EF1-1EF6-4851-9FCB-23DF92CF8DC4} = {3DA49B32-7D00-4695-9746-1F7C473DF41B}
		{E4288629-A64B-45E3-8ABA-732057D52556} = {5F95CADF-692E-443C-8217-17BB2CC98CB8}
		{F2CA7631-6FAF-4239-87F0-FDAE37C61F9D} = {5F95CADF-692E-443C-8217-17BB2CC98CB8}
		{DF634F72-F1F7-48F5-85C6-AAA88ED4E60A} = {5F95CADF-692E-443C-8217-17BB2CC98CB8}
		{8050B605-E7BB-40EF-BA11-51176923667B} = {5F95CADF-692E-443C-8217-17BB2CC98CB8}
		{AF17C923-DEE4-4DD5-AC45-55C76CC03F72} = {BDC5506C-41D2-408F-91E8-8C1F1D02C178}
		{03767D80-ADC2-40A2-A9BB-F5F739C380D7} = {BDC5506C-41D2-408F-91E8-8C1F1D02C178}
		{63B5C666-73D6-4409-8CD0-1CD8D67E0292} = {BDC5506C-41D2-408F-91E8-8C1F1D02C178}
		{F95721FF-390B-4387-8D74-CDFF5132B40F} = {BDC5506C-41D2-408F-91E8-8C1F1D02C178}
		{04FB95A9-0810-4C1E-B1BB-575C87275EC2} = {3DA49B32-7D00-4695-9746-1F7C473DF41B}
		{15E4CF75-9509-4919-B941-7264D21248D8} = {1BCC36C6-F99A-4E75-A2D3-0BE540D69BF0}
		{BD0C9FFF-A8DC-476B-BF47-BDC486EC7AE8} = {1BCC36C6-F99A-4E75-A2D3-0BE540D69BF0}
		{9EF1D91D-2330-4873-98A5-8B4ECA18F658} = {1BCC36C6-F99A-4E75-A2D3-0BE540D69BF0}
		{832ADE01-1C95-4193-B2EC-23CE38A5FA50} = {1BCC36C6-F99A-4E75-A2D3-0BE540D69BF0}
	EndGlobalSection
	GlobalSection(ExtensibilityGlobals) = postSolution
		SolutionGuid = {27EA4971-FE8F-4D27-9F5F-3BF9CAFA83A6}
	EndGlobalSection
EndGlobal
